
Microsoft Visual Studio Solution File, Format Version 12.00
# Visual Studio Version 17
VisualStudioVersion = 17.4.33403.182
MinimumVisualStudioVersion = 10.0.40219.1
Project("{FAE04EC0-301F-11D3-BF4B-00C04F79EFBC}") = "HelpDeskSyste", "HelpDeskSyste\HelpDeskSyste.csproj", "{5FCE7AA3-7505-4583-9AA1-FD089A5C8940}"
EndProject
Project("{FAE04EC0-301F-11D3-BF4B-00C04F79EFBC}") = "Modeles", "Modeles\Modeles.csproj", "{36B07B81-A982-4765-AD8C-EF0EF2F02EEC}"
EndProject
Project("{FAE04EC0-301F-11D3-BF4B-00C04F79EFBC}") = "Service_layer", "Service_layer\Service_layer.csproj", "{3420583E-6AF3-4F06-B4BE-8A42B4CF7FEF}"
EndProject
Global
	GlobalSection(SolutionConfigurationPlatforms) = preSolution
		Debug|Any CPU = Debug|Any CPU
		Release|Any CPU = Release|Any CPU
	EndGlobalSection
	GlobalSection(ProjectConfigurationPlatforms) = postSolution
		{5FCE7AA3-7505-4583-9AA1-FD089A5C8940}.Debug|Any CPU.ActiveCfg = Debug|Any CPU
		{5FCE7AA3-7505-4583-9AA1-FD089A5C8940}.Debug|Any CPU.Build.0 = Debug|Any CPU
		{5FCE7AA3-7505-4583-9AA1-FD089A5C8940}.Release|Any CPU.ActiveCfg = Release|Any CPU
		{5FCE7AA3-7505-4583-9AA1-FD089A5C8940}.Release|Any CPU.Build.0 = Release|Any CPU
		{36B07B81-A982-4765-AD8C-EF0EF2F02EEC}.Debug|Any CPU.ActiveCfg = Debug|Any CPU
		{36B07B81-A982-4765-AD8C-EF0EF2F02EEC}.Debug|Any CPU.Build.0 = Debug|Any CPU
		{36B07B81-A982-4765-AD8C-EF0EF2F02EEC}.Release|Any CPU.ActiveCfg = Release|Any CPU
		{36B07B81-A982-4765-AD8C-EF0EF2F02EEC}.Release|Any CPU.Build.0 = Release|Any CPU
		{3420583E-6AF3-4F06-B4BE-8A42B4CF7FEF}.Debug|Any CPU.ActiveCfg = Debug|Any CPU
		{3420583E-6AF3-4F06-B4BE-8A42B4CF7FEF}.Debug|Any CPU.Build.0 = Debug|Any CPU
		{3420583E-6AF3-4F06-B4BE-8A42B4CF7FEF}.Release|Any CPU.ActiveCfg = Release|Any CPU
		{3420583E-6AF3-4F06-B4BE-8A42B4CF7FEF}.Release|Any CPU.Build.0 = Release|Any CPU
	EndGlobalSection
	GlobalSection(SolutionProperties) = preSolution
		HideSolutionNode = FALSE
	EndGlobalSection
	GlobalSection(ExtensibilityGlobals) = postSolution
		SolutionGuid = {018A146F-EC76-4924-BC17-39FF871FB1EC}
	EndGlobalSection
EndGlobal
